
Microsoft Visual Studio Solution File, Format Version 12.00
# Visual Studio Version 17
VisualStudioVersion = 17.2.32616.157
MinimumVisualStudioVersion = 10.0.40219.1
Project("{FAE04EC0-301F-11D3-BF4B-00C04F79EFBC}") = "ScoreDisplay", "ScoreDisplay\ScoreDisplay.csproj", "{92AE99D3-5A1A-48D3-86BF-FF31D2B27E3D}"
EndProject
Global
	GlobalSection(SolutionConfigurationPlatforms) = preSolution
		Debug|Any CPU = Debug|Any CPU
		Release|Any CPU = Release|Any CPU
	EndGlobalSection
	GlobalSection(ProjectConfigurationPlatforms) = postSolution
		{92AE99D3-5A1A-48D3-86BF-FF31D2B27E3D}.Debug|Any CPU.ActiveCfg = Debug|Any CPU
		{92AE99D3-5A1A-48D3-86BF-FF31D2B27E3D}.Debug|Any CPU.Build.0 = Debug|Any CPU
		{92AE99D3-5A1A-48D3-86BF-FF31D2B27E3D}.Release|Any CPU.ActiveCfg = Release|Any CPU
		{92AE99D3-5A1A-48D3-86BF-FF31D2B27E3D}.Release|Any CPU.Build.0 = Release|Any CPU
	EndGlobalSection
	GlobalSection(SolutionProperties) = preSolution
		HideSolutionNode = FALSE
	EndGlobalSection
	GlobalSection(ExtensibilityGlobals) = postSolution
		SolutionGuid = {735A57E1-119A-4DBA-8FBC-76401878580B}
	EndGlobalSection
EndGlobal
